
Microsoft Visual Studio Solution File, Format Version 12.00
# Visual Studio Version 16
VisualStudioVersion = 16.0.30611.23
MinimumVisualStudioVersion = 10.0.40219.1
Project("{FAE04EC0-301F-11D3-BF4B-00C04F79EFBC}") = "MemoryGame", "MemoryGame\MemoryGame.csproj", "{FCE421AA-8744-4C50-9F3B-A56F2449935A}"
EndProject
Global
	GlobalSection(SolutionConfigurationPlatforms) = preSolution
		Debug|Any CPU = Debug|Any CPU
		Release|Any CPU = Release|Any CPU
	EndGlobalSection
	GlobalSection(ProjectConfigurationPlatforms) = postSolution
		{FCE421AA-8744-4C50-9F3B-A56F2449935A}.Debug|Any CPU.ActiveCfg = Debug|Any CPU
		{FCE421AA-8744-4C50-9F3B-A56F2449935A}.Debug|Any CPU.Build.0 = Debug|Any CPU
		{FCE421AA-8744-4C50-9F3B-A56F2449935A}.Release|Any CPU.ActiveCfg = Release|Any CPU
		{FCE421AA-8744-4C50-9F3B-A56F2449935A}.Release|Any CPU.Build.0 = Release|Any CPU
	EndGlobalSection
	GlobalSection(SolutionProperties) = preSolution
		HideSolutionNode = FALSE
	EndGlobalSection
	GlobalSection(ExtensibilityGlobals) = postSolution
		SolutionGuid = {4DB7B66B-3357-4B30-8673-FA3252A13874}
	EndGlobalSection
EndGlobal
